
Microsoft Visual Studio Solution File, Format Version 12.00
# Visual Studio Version 16
VisualStudioVersion = 16.0.32002.261
MinimumVisualStudioVersion = 10.0.40219.1
Project("{FAE04EC0-301F-11D3-BF4B-00C04F79EFBC}") = "WpfLab_4_2", "WpfLab_4_2\WpfLab_4_2.csproj", "{20BB6DC4-C0BE-44C3-9B56-EA6BA2F37FD0}"
EndProject
Global
	GlobalSection(SolutionConfigurationPlatforms) = preSolution
		Debug|Any CPU = Debug|Any CPU
		Release|Any CPU = Release|Any CPU
	EndGlobalSection
	GlobalSection(ProjectConfigurationPlatforms) = postSolution
		{20BB6DC4-C0BE-44C3-9B56-EA6BA2F37FD0}.Debug|Any CPU.ActiveCfg = Debug|Any CPU
		{20BB6DC4-C0BE-44C3-9B56-EA6BA2F37FD0}.Debug|Any CPU.Build.0 = Debug|Any CPU
		{20BB6DC4-C0BE-44C3-9B56-EA6BA2F37FD0}.Release|Any CPU.ActiveCfg = Release|Any CPU
		{20BB6DC4-C0BE-44C3-9B56-EA6BA2F37FD0}.Release|Any CPU.Build.0 = Release|Any CPU
	EndGlobalSection
	GlobalSection(SolutionProperties) = preSolution
		HideSolutionNode = FALSE
	EndGlobalSection
	GlobalSection(ExtensibilityGlobals) = postSolution
		SolutionGuid = {BF56A73F-9447-46C5-B28D-C2139780A41B}
	EndGlobalSection
EndGlobal
